
Microsoft Visual Studio Solution File, Format Version 12.00
# Visual Studio Version 16
VisualStudioVersion = 16.0.30128.74
MinimumVisualStudioVersion = 10.0.40219.1
Project("{FAE04EC0-301F-11D3-BF4B-00C04F79EFBC}") = "GestionTache", "GestionTache\GestionTache.csproj", "{D801BF4C-06C0-429B-8E48-0A24736A70D4}"
EndProject
Global
	GlobalSection(SolutionConfigurationPlatforms) = preSolution
		Debug|Any CPU = Debug|Any CPU
		Release|Any CPU = Release|Any CPU
	EndGlobalSection
	GlobalSection(ProjectConfigurationPlatforms) = postSolution
		{D801BF4C-06C0-429B-8E48-0A24736A70D4}.Debug|Any CPU.ActiveCfg = Debug|Any CPU
		{D801BF4C-06C0-429B-8E48-0A24736A70D4}.Debug|Any CPU.Build.0 = Debug|Any CPU
		{D801BF4C-06C0-429B-8E48-0A24736A70D4}.Release|Any CPU.ActiveCfg = Release|Any CPU
		{D801BF4C-06C0-429B-8E48-0A24736A70D4}.Release|Any CPU.Build.0 = Release|Any CPU
	EndGlobalSection
	GlobalSection(SolutionProperties) = preSolution
		HideSolutionNode = FALSE
	EndGlobalSection
	GlobalSection(ExtensibilityGlobals) = postSolution
		SolutionGuid = {B543AAC8-3AF4-48E2-B2D2-AECFAB051F7D}
	EndGlobalSection
EndGlobal
